# THIS IS AN AUTOGENERATED FILE. DO NOT EDIT THIS FILE DIRECTLY.
# yarn lockfile v1


"@reactivex/rxjs@^6.6.7":
  version "6.6.7"
  resolved "https://registry.yarnpkg.com/@reactivex/rxjs/-/rxjs-6.6.7.tgz#52ab48f989aba9cda2b995acc904a43e6e1b3b40"
  integrity sha512-xZIV2JgHhWoVPm3uVcFbZDRVJfx2hgqmuTX7J4MuKaZ+j5jN29agniCPBwrlCmpA15/zLKcPi7/bogt0ZwOFyA==
  dependencies:
    tslib "^1.9.0"

holderjs@^2.9.9:
  version "2.9.9"
  resolved "https://registry.yarnpkg.com/holderjs/-/holderjs-2.9.9.tgz#e0f65439ac658c4188abcea3c3b0a327d0ebb67d"
  integrity sha512-ceWPz1MrR3dxOoZXiom+G48+l1VPG3TcjBw9fq5iwCiZAMvYX8Aia13GOxT7DoV/AcSyTH7Vvr11ygjZP9qn4w==

rxjs@^7.8.1:
  version "7.8.1"
  resolved "https://registry.yarnpkg.com/rxjs/-/rxjs-7.8.1.tgz#6f6f3d99ea8044291efd92e7c7fcf562c4057543"
  integrity sha512-AA3TVj+0A2iuIoQkWEK/tqFjBq2j+6PO6Y0zJcvzLAFhEFIO3HL0vls9hWLncZbAAbK0mar7oZ4V079I/qPMxg==
  dependencies:
    tslib "^2.1.0"

tslib@^1.9.0:
  version "1.14.1"
  resolved "https://registry.yarnpkg.com/tslib/-/tslib-1.14.1.tgz#cf2d38bdc34a134bcaf1091c41f6619e2f672d00"
  integrity sha512-Xni35NKzjgMrwevysHTCArtLDpPvye8zV/0E4EyYn43P7/7qvQwPh9BGkHewbMulVntbigmcT7rdX3BNo9wRJg==

tslib@^2.1.0:
  version "2.6.2"
  resolved "https://registry.yarnpkg.com/tslib/-/tslib-2.6.2.tgz#703ac29425e7b37cd6fd456e92404d46d1f3e4ae"
  integrity sha512-AEYxH93jGFPn/a2iVAwW87VuUIkR1FVUKB77NwMF7nBTDkDrrT/Hpt/IrCJ0QXhW27jTBDcf5ZY7w6RiqTMw2Q==
